
Microsoft Visual Studio Solution File, Format Version 12.00
# Visual Studio Version 17
VisualStudioVersion = 17.3.32825.248
MinimumVisualStudioVersion = 10.0.40219.1
Project("{FAE04EC0-301F-11D3-BF4B-00C04F79EFBC}") = "lab5", "lab5\lab5.csproj", "{FDD72D37-9EE4-4864-8A22-877AC71898F2}"
EndProject
Global
	GlobalSection(SolutionConfigurationPlatforms) = preSolution
		Debug|Any CPU = Debug|Any CPU
		Release|Any CPU = Release|Any CPU
	EndGlobalSection
	GlobalSection(ProjectConfigurationPlatforms) = postSolution
		{FDD72D37-9EE4-4864-8A22-877AC71898F2}.Debug|Any CPU.ActiveCfg = Debug|Any CPU
		{FDD72D37-9EE4-4864-8A22-877AC71898F2}.Debug|Any CPU.Build.0 = Debug|Any CPU
		{FDD72D37-9EE4-4864-8A22-877AC71898F2}.Release|Any CPU.ActiveCfg = Release|Any CPU
		{FDD72D37-9EE4-4864-8A22-877AC71898F2}.Release|Any CPU.Build.0 = Release|Any CPU
	EndGlobalSection
	GlobalSection(SolutionProperties) = preSolution
		HideSolutionNode = FALSE
	EndGlobalSection
	GlobalSection(ExtensibilityGlobals) = postSolution
		SolutionGuid = {F5446B0C-011B-475E-8B4A-D78F7D91EB0B}
	EndGlobalSection
EndGlobal
